// !$*UTF8*$!
{
	archiveVersion = 1;
	classes = {
	};
	objectVersion = 56;
	objects = {

/* Begin PBXBuildFile section */
		3B0D29E22B924ED400FA3F70 /* FirebaseFirestore in Frameworks */ = {isa = PBXBuildFile; productRef = 3B0D29E12B924ED400FA3F70 /* FirebaseFirestore */; };
		3B0D29E42B92587D00FA3F70 /* RatingSlider.swift in Sources */ = {isa = PBXBuildFile; fileRef = 3B0D29E32B92587D00FA3F70 /* RatingSlider.swift */; };
		3B71DDE62B8911E100D3C58D /* reviewView.swift in Sources */ = {isa = PBXBuildFile; fileRef = 3B71DDE52B8911E100D3C58D /* reviewView.swift */; };
		3B71DDE82B8911F000D3C58D /* exploreView.swift in Sources */ = {isa = PBXBuildFile; fileRef = 3B71DDE72B8911F000D3C58D /* exploreView.swift */; };
		3B96CB092B7FE4B7008DCB9E /* GoogleService-Info.plist in Resources */ = {isa = PBXBuildFile; fileRef = 3B96CB082B7FE4B6008DCB9E /* GoogleService-Info.plist */; };
		3B96CB0C2B7FE55F008DCB9E /* FirebaseAnalytics in Frameworks */ = {isa = PBXBuildFile; productRef = 3B96CB0B2B7FE55F008DCB9E /* FirebaseAnalytics */; };
		3B96CB0E2B7FE55F008DCB9E /* FirebaseAnalyticsOnDeviceConversion in Frameworks */ = {isa = PBXBuildFile; productRef = 3B96CB0D2B7FE55F008DCB9E /* FirebaseAnalyticsOnDeviceConversion */; };
		3B96CB102B7FE55F008DCB9E /* FirebaseAnalyticsSwift in Frameworks */ = {isa = PBXBuildFile; productRef = 3B96CB0F2B7FE55F008DCB9E /* FirebaseAnalyticsSwift */; };
		3B96CB122B7FE55F008DCB9E /* FirebaseAnalyticsWithoutAdIdSupport in Frameworks */ = {isa = PBXBuildFile; productRef = 3B96CB112B7FE55F008DCB9E /* FirebaseAnalyticsWithoutAdIdSupport */; };
		3B96CB142B7FE55F008DCB9E /* FirebaseAppCheck in Frameworks */ = {isa = PBXBuildFile; productRef = 3B96CB132B7FE55F008DCB9E /* FirebaseAppCheck */; };
		3B96CB172B7FE9EA008DCB9E /* FirebaseAuth in Frameworks */ = {isa = PBXBuildFile; productRef = 3B96CB162B7FE9EA008DCB9E /* FirebaseAuth */; };
		3B96CB1B2B81B7F6008DCB9E /* mainView.swift in Sources */ = {isa = PBXBuildFile; fileRef = 3B96CB1A2B81B7F6008DCB9E /* mainView.swift */; };
		3B96CB1D2B81B853008DCB9E /* registerView.swift in Sources */ = {isa = PBXBuildFile; fileRef = 3B96CB1C2B81B853008DCB9E /* registerView.swift */; };
		3B96CB1F2B81CDF7008DCB9E /* functions.swift in Sources */ = {isa = PBXBuildFile; fileRef = 3B96CB1E2B81CDF7008DCB9E /* functions.swift */; };
		3B96CB212B841C08008DCB9E /* landingView.swift in Sources */ = {isa = PBXBuildFile; fileRef = 3B96CB202B841C08008DCB9E /* landingView.swift */; };
		3BA8716D2B7C1D6E00A7FC1B /* Water_ReviewsApp.swift in Sources */ = {isa = PBXBuildFile; fileRef = 3BA8716C2B7C1D6E00A7FC1B /* Water_ReviewsApp.swift */; };
		3BA8716F2B7C1D6E00A7FC1B /* loginView.swift in Sources */ = {isa = PBXBuildFile; fileRef = 3BA8716E2B7C1D6E00A7FC1B /* loginView.swift */; };
		3BA871712B7C1D6F00A7FC1B /* Assets.xcassets in Resources */ = {isa = PBXBuildFile; fileRef = 3BA871702B7C1D6F00A7FC1B /* Assets.xcassets */; };
		3BA871742B7C1D6F00A7FC1B /* Preview Assets.xcassets in Resources */ = {isa = PBXBuildFile; fileRef = 3BA871732B7C1D6F00A7FC1B /* Preview Assets.xcassets */; };
/* End PBXBuildFile section */

/* Begin PBXFileReference section */
		3B0D29E32B92587D00FA3F70 /* RatingSlider.swift */ = {isa = PBXFileReference; lastKnownFileType = sourcecode.swift; path = RatingSlider.swift; sourceTree = "<group>"; };
		3B71DDE52B8911E100D3C58D /* reviewView.swift */ = {isa = PBXFileReference; lastKnownFileType = sourcecode.swift; path = reviewView.swift; sourceTree = "<group>"; };
		3B71DDE72B8911F000D3C58D /* exploreView.swift */ = {isa = PBXFileReference; lastKnownFileType = sourcecode.swift; path = exploreView.swift; sourceTree = "<group>"; };
		3B96CB082B7FE4B6008DCB9E /* GoogleService-Info.plist */ = {isa = PBXFileReference; fileEncoding = 4; lastKnownFileType = text.plist.xml; name = "GoogleService-Info.plist"; path = "../../../Downloads/GoogleService-Info.plist"; sourceTree = "<group>"; };
		3B96CB1A2B81B7F6008DCB9E /* mainView.swift */ = {isa = PBXFileReference; lastKnownFileType = sourcecode.swift; path = mainView.swift; sourceTree = "<group>"; };
		3B96CB1C2B81B853008DCB9E /* registerView.swift */ = {isa = PBXFileReference; lastKnownFileType = sourcecode.swift; path = registerView.swift; sourceTree = "<group>"; };
		3B96CB1E2B81CDF7008DCB9E /* functions.swift */ = {isa = PBXFileReference; lastKnownFileType = sourcecode.swift; path = functions.swift; sourceTree = "<group>"; };
		3B96CB202B841C08008DCB9E /* landingView.swift */ = {isa = PBXFileReference; lastKnownFileType = sourcecode.swift; path = landingView.swift; sourceTree = "<group>"; };
		3BA871692B7C1D6E00A7FC1B /* Water Reviews.app */ = {isa = PBXFileReference; explicitFileType = wrapper.application; includeInIndex = 0; path = "Water Reviews.app"; sourceTree = BUILT_PRODUCTS_DIR; };
		3BA8716C2B7C1D6E00A7FC1B /* Water_ReviewsApp.swift */ = {isa = PBXFileReference; lastKnownFileType = sourcecode.swift; path = Water_ReviewsApp.swift; sourceTree = "<group>"; };
		3BA8716E2B7C1D6E00A7FC1B /* loginView.swift */ = {isa = PBXFileReference; lastKnownFileType = sourcecode.swift; path = loginView.swift; sourceTree = "<group>"; };
		3BA871702B7C1D6F00A7FC1B /* Assets.xcassets */ = {isa = PBXFileReference; lastKnownFileType = folder.assetcatalog; path = Assets.xcassets; sourceTree = "<group>"; };
		3BA871732B7C1D6F00A7FC1B /* Preview Assets.xcassets */ = {isa = PBXFileReference; lastKnownFileType = folder.assetcatalog; path = "Preview Assets.xcassets"; sourceTree = "<group>"; };
/* End PBXFileReference section */

/* Begin PBXFrameworksBuildPhase section */
		3BA871662B7C1D6E00A7FC1B /* Frameworks */ = {
			isa = PBXFrameworksBuildPhase;
			buildActionMask = 2147483647;
			files = (
				3B96CB102B7FE55F008DCB9E /* FirebaseAnalyticsSwift in Frameworks */,
				3B96CB172B7FE9EA008DCB9E /* FirebaseAuth in Frameworks */,
				3B96CB0C2B7FE55F008DCB9E /* FirebaseAnalytics in Frameworks */,
				3B96CB0E2B7FE55F008DCB9E /* FirebaseAnalyticsOnDeviceConversion in Frameworks */,
				3B96CB142B7FE55F008DCB9E /* FirebaseAppCheck in Frameworks */,
				3B96CB122B7FE55F008DCB9E /* FirebaseAnalyticsWithoutAdIdSupport in Frameworks */,
				3B0D29E22B924ED400FA3F70 /* FirebaseFirestore in Frameworks */,
			);
			runOnlyForDeploymentPostprocessing = 0;
		};
/* End PBXFrameworksBuildPhase section */

/* Begin PBXGroup section */
		3B96CAE82B7EBCCD008DCB9E /* Resources */ = {
			isa = PBXGroup;
			children = (
				3BA8716C2B7C1D6E00A7FC1B /* Water_ReviewsApp.swift */,
				3BA871702B7C1D6F00A7FC1B /* Assets.xcassets */,
				3B96CB1E2B81CDF7008DCB9E /* functions.swift */,
			);
			path = Resources;
			sourceTree = "<group>";
		};
		3B96CAE92B7EBCDC008DCB9E /* ViewController */ = {
			isa = PBXGroup;
			children = (
				3BA8716E2B7C1D6E00A7FC1B /* loginView.swift */,
				3B96CB1A2B81B7F6008DCB9E /* mainView.swift */,
				3B96CB1C2B81B853008DCB9E /* registerView.swift */,
				3B96CB202B841C08008DCB9E /* landingView.swift */,
				3B71DDE52B8911E100D3C58D /* reviewView.swift */,
				3B71DDE72B8911F000D3C58D /* exploreView.swift */,
				3B0D29E32B92587D00FA3F70 /* RatingSlider.swift */,
			);
			path = ViewController;
			sourceTree = "<group>";
		};
		3B96CB152B7FE9EA008DCB9E /* Frameworks */ = {
			isa = PBXGroup;
			children = (
			);
			name = Frameworks;
			sourceTree = "<group>";
		};
		3BA871602B7C1D6E00A7FC1B = {
			isa = PBXGroup;
			children = (
				3BA8716B2B7C1D6E00A7FC1B /* Water Reviews */,
				3BA8716A2B7C1D6E00A7FC1B /* Products */,
				3B96CB152B7FE9EA008DCB9E /* Frameworks */,
			);
			sourceTree = "<group>";
		};
		3BA8716A2B7C1D6E00A7FC1B /* Products */ = {
			isa = PBXGroup;
			children = (
				3BA871692B7C1D6E00A7FC1B /* Water Reviews.app */,
			);
			name = Products;
			sourceTree = "<group>";
		};
		3BA8716B2B7C1D6E00A7FC1B /* Water Reviews */ = {
			isa = PBXGroup;
			children = (
				3B96CB082B7FE4B6008DCB9E /* GoogleService-Info.plist */,
				3B96CAE82B7EBCCD008DCB9E /* Resources */,
				3B96CAE92B7EBCDC008DCB9E /* ViewController */,
				3BA871722B7C1D6F00A7FC1B /* Preview Content */,
			);
			path = "Water Reviews";
			sourceTree = "<group>";
		};
		3BA871722B7C1D6F00A7FC1B /* Preview Content */ = {
			isa = PBXGroup;
			children = (
				3BA871732B7C1D6F00A7FC1B /* Preview Assets.xcassets */,
			);
			path = "Preview Content";
			sourceTree = "<group>";
		};
/* End PBXGroup section */

/* Begin PBXNativeTarget section */
		3BA871682B7C1D6E00A7FC1B /* Water Reviews */ = {
			isa = PBXNativeTarget;
			buildConfigurationList = 3BA871772B7C1D6F00A7FC1B /* Build configuration list for PBXNativeTarget "Water Reviews" */;
			buildPhases = (
				3BA871652B7C1D6E00A7FC1B /* Sources */,
				3BA871662B7C1D6E00A7FC1B /* Frameworks */,
				3BA871672B7C1D6E00A7FC1B /* Resources */,
			);
			buildRules = (
			);
			dependencies = (
			);
			name = "Water Reviews";
			packageProductDependencies = (
				3B96CB0B2B7FE55F008DCB9E /* FirebaseAnalytics */,
				3B96CB0D2B7FE55F008DCB9E /* FirebaseAnalyticsOnDeviceConversion */,
				3B96CB0F2B7FE55F008DCB9E /* FirebaseAnalyticsSwift */,
				3B96CB112B7FE55F008DCB9E /* FirebaseAnalyticsWithoutAdIdSupport */,
				3B96CB132B7FE55F008DCB9E /* FirebaseAppCheck */,
				3B96CB162B7FE9EA008DCB9E /* FirebaseAuth */,
				3B0D29E12B924ED400FA3F70 /* FirebaseFirestore */,
			);
			productName = "Water Reviews";
			productReference = 3BA871692B7C1D6E00A7FC1B /* Water Reviews.app */;
			productType = "com.apple.product-type.application";
		};
/* End PBXNativeTarget section */

/* Begin PBXProject section */
		3BA871612B7C1D6E00A7FC1B /* Project object */ = {
			isa = PBXProject;
			attributes = {
				BuildIndependentTargetsInParallel = 1;
				LastSwiftUpdateCheck = 1520;
				LastUpgradeCheck = 1520;
				TargetAttributes = {
					3BA871682B7C1D6E00A7FC1B = {
						CreatedOnToolsVersion = 15.2;
					};
				};
			};
			buildConfigurationList = 3BA871642B7C1D6E00A7FC1B /* Build configuration list for PBXProject "Water Reviews" */;
			compatibilityVersion = "Xcode 14.0";
			developmentRegion = en;
			hasScannedForEncodings = 0;
			knownRegions = (
				en,
				Base,
			);
			mainGroup = 3BA871602B7C1D6E00A7FC1B;
			packageReferences = (
				3B96CB0A2B7FE55F008DCB9E /* XCRemoteSwiftPackageReference "firebase-ios-sdk" */,
			);
			productRefGroup = 3BA8716A2B7C1D6E00A7FC1B /* Products */;
			projectDirPath = "";
			projectRoot = "";
			targets = (
				3BA871682B7C1D6E00A7FC1B /* Water Reviews */,
			);
		};
/* End PBXProject section */

/* Begin PBXResourcesBuildPhase section */
		3BA871672B7C1D6E00A7FC1B /* Resources */ = {
			isa = PBXResourcesBuildPhase;
			buildActionMask = 2147483647;
			files = (
				3BA871742B7C1D6F00A7FC1B /* Preview Assets.xcassets in Resources */,
				3BA871712B7C1D6F00A7FC1B /* Assets.xcassets in Resources */,
				3B96CB092B7FE4B7008DCB9E /* GoogleService-Info.plist in Resources */,
			);
			runOnlyForDeploymentPostprocessing = 0;
		};
/* End PBXResourcesBuildPhase section */

/* Begin PBXSourcesBuildPhase section */
		3BA871652B7C1D6E00A7FC1B /* Sources */ = {
			isa = PBXSourcesBuildPhase;
			buildActionMask = 2147483647;
			files = (
				3BA8716F2B7C1D6E00A7FC1B /* loginView.swift in Sources */,
				3B96CB1F2B81CDF7008DCB9E /* functions.swift in Sources */,
				3B96CB1D2B81B853008DCB9E /* registerView.swift in Sources */,
				3B0D29E42B92587D00FA3F70 /* RatingSlider.swift in Sources */,
				3B71DDE62B8911E100D3C58D /* reviewView.swift in Sources */,
				3B96CB1B2B81B7F6008DCB9E /* mainView.swift in Sources */,
				3B96CB212B841C08008DCB9E /* landingView.swift in Sources */,
				3B71DDE82B8911F000D3C58D /* exploreView.swift in Sources */,
				3BA8716D2B7C1D6E00A7FC1B /* Water_ReviewsApp.swift in Sources */,
			);
			runOnlyForDeploymentPostprocessing = 0;
		};
/* End PBXSourcesBuildPhase section */

/* Begin XCBuildConfiguration section */
		3BA871752B7C1D6F00A7FC1B /* Debug */ = {
			isa = XCBuildConfiguration;
			buildSettings = {
				ALWAYS_SEARCH_USER_PATHS = NO;
				ASSETCATALOG_COMPILER_GENERATE_SWIFT_ASSET_SYMBOL_EXTENSIONS = YES;
				CLANG_ANALYZER_NONNULL = YES;
				CLANG_ANALYZER_NUMBER_OBJECT_CONVERSION = YES_AGGRESSIVE;
				CLANG_CXX_LANGUAGE_STANDARD = "gnu++20";
				CLANG_ENABLE_MODULES = YES;
				CLANG_ENABLE_OBJC_ARC = YES;
				CLANG_ENABLE_OBJC_WEAK = YES;
				CLANG_WARN_BLOCK_CAPTURE_AUTORELEASING = YES;
				CLANG_WARN_BOOL_CONVERSION = YES;
				CLANG_WARN_COMMA = YES;
				CLANG_WARN_CONSTANT_CONVERSION = YES;
				CLANG_WARN_DEPRECATED_OBJC_IMPLEMENTATIONS = YES;
				CLANG_WARN_DIRECT_OBJC_ISA_USAGE = YES_ERROR;
				CLANG_WARN_DOCUMENTATION_COMMENTS = YES;
				CLANG_WARN_EMPTY_BODY = YES;
				CLANG_WARN_ENUM_CONVERSION = YES;
				CLANG_WARN_INFINITE_RECURSION = YES;
				CLANG_WARN_INT_CONVERSION = YES;
				CLANG_WARN_NON_LITERAL_NULL_CONVERSION = YES;
				CLANG_WARN_OBJC_IMPLICIT_RETAIN_SELF = YES;
				CLANG_WARN_OBJC_LITERAL_CONVERSION = YES;
				CLANG_WARN_OBJC_ROOT_CLASS = YES_ERROR;
				CLANG_WARN_QUOTED_INCLUDE_IN_FRAMEWORK_HEADER = YES;
				CLANG_WARN_RANGE_LOOP_ANALYSIS = YES;
				CLANG_WARN_STRICT_PROTOTYPES = YES;
				CLANG_WARN_SUSPICIOUS_MOVE = YES;
				CLANG_WARN_UNGUARDED_AVAILABILITY = YES_AGGRESSIVE;
				CLANG_WARN_UNREACHABLE_CODE = YES;
				CLANG_WARN__DUPLICATE_METHOD_MATCH = YES;
				COPY_PHASE_STRIP = NO;
				DEBUG_INFORMATION_FORMAT = dwarf;
				ENABLE_STRICT_OBJC_MSGSEND = YES;
				ENABLE_TESTABILITY = YES;
				ENABLE_USER_SCRIPT_SANDBOXING = YES;
				GCC_C_LANGUAGE_STANDARD = gnu17;
				GCC_DYNAMIC_NO_PIC = NO;
				GCC_NO_COMMON_BLOCKS = YES;
				GCC_OPTIMIZATION_LEVEL = 0;
				GCC_PREPROCESSOR_DEFINITIONS = (
					"DEBUG=1",
					"$(inherited)",
				);
				GCC_WARN_64_TO_32_BIT_CONVERSION = YES;
				GCC_WARN_ABOUT_RETURN_TYPE = YES_ERROR;
				GCC_WARN_UNDECLARED_SELECTOR = YES;
				GCC_WARN_UNINITIALIZED_AUTOS = YES_AGGRESSIVE;
				GCC_WARN_UNUSED_FUNCTION = YES;
				GCC_WARN_UNUSED_VARIABLE = YES;
				IPHONEOS_DEPLOYMENT_TARGET = 17.2;
				LOCALIZATION_PREFERS_STRING_CATALOGS = YES;
				MTL_ENABLE_DEBUG_INFO = INCLUDE_SOURCE;
				MTL_FAST_MATH = YES;
				ONLY_ACTIVE_ARCH = YES;
				SDKROOT = iphoneos;
				SWIFT_ACTIVE_COMPILATION_CONDITIONS = "DEBUG $(inherited)";
				SWIFT_OPTIMIZATION_LEVEL = "-Onone";
			};
			name = Debug;
		};
		3BA871762B7C1D6F00A7FC1B /* Release */ = {
			isa = XCBuildConfiguration;
			buildSettings = {
				ALWAYS_SEARCH_USER_PATHS = NO;
				ASSETCATALOG_COMPILER_GENERATE_SWIFT_ASSET_SYMBOL_EXTENSIONS = YES;
				CLANG_ANALYZER_NONNULL = YES;
				CLANG_ANALYZER_NUMBER_OBJECT_CONVERSION = YES_AGGRESSIVE;
				CLANG_CXX_LANGUAGE_STANDARD = "gnu++20";
				CLANG_ENABLE_MODULES = YES;
				CLANG_ENABLE_OBJC_ARC = YES;
				CLANG_ENABLE_OBJC_WEAK = YES;
				CLANG_WARN_BLOCK_CAPTURE_AUTORELEASING = YES;
				CLANG_WARN_BOOL_CONVERSION = YES;
				CLANG_WARN_COMMA = YES;
				CLANG_WARN_CONSTANT_CONVERSION = YES;
				CLANG_WARN_DEPRECATED_OBJC_IMPLEMENTATIONS = YES;
				CLANG_WARN_DIRECT_OBJC_ISA_USAGE = YES_ERROR;
				CLANG_WARN_DOCUMENTATION_COMMENTS = YES;
				CLANG_WARN_EMPTY_BODY = YES;
				CLANG_WARN_ENUM_CONVERSION = YES;
				CLANG_WARN_INFINITE_RECURSION = YES;
				CLANG_WARN_INT_CONVERSION = YES;
				CLANG_WARN_NON_LITERAL_NULL_CONVERSION = YES;
				CLANG_WARN_OBJC_IMPLICIT_RETAIN_SELF = YES;
				CLANG_WARN_OBJC_LITERAL_CONVERSION = YES;
				CLANG_WARN_OBJC_ROOT_CLASS = YES_ERROR;
				CLANG_WARN_QUOTED_INCLUDE_IN_FRAMEWORK_HEADER = YES;
				CLANG_WARN_RANGE_LOOP_ANALYSIS = YES;
				CLANG_WARN_STRICT_PROTOTYPES = YES;
				CLANG_WARN_SUSPICIOUS_MOVE = YES;
				CLANG_WARN_UNGUARDED_AVAILABILITY = YES_AGGRESSIVE;
				CLANG_WARN_UNREACHABLE_CODE = YES;
				CLANG_WARN__DUPLICATE_METHOD_MATCH = YES;
				COPY_PHASE_STRIP = NO;
				DEBUG_INFORMATION_FORMAT = "dwarf-with-dsym";
				ENABLE_NS_ASSERTIONS = NO;
				ENABLE_STRICT_OBJC_MSGSEND = YES;
				ENABLE_USER_SCRIPT_SANDBOXING = YES;
				GCC_C_LANGUAGE_STANDARD = gnu17;
				GCC_NO_COMMON_BLOCKS = YES;
				GCC_WARN_64_TO_32_BIT_CONVERSION = YES;
				GCC_WARN_ABOUT_RETURN_TYPE = YES_ERROR;
				GCC_WARN_UNDECLARED_SELECTOR = YES;
				GCC_WARN_UNINITIALIZED_AUTOS = YES_AGGRESSIVE;
				GCC_WARN_UNUSED_FUNCTION = YES;
				GCC_WARN_UNUSED_VARIABLE = YES;
				IPHONEOS_DEPLOYMENT_TARGET = 17.2;
				LOCALIZATION_PREFERS_STRING_CATALOGS = YES;
				MTL_ENABLE_DEBUG_INFO = NO;
				MTL_FAST_MATH = YES;
				SDKROOT = iphoneos;
				SWIFT_COMPILATION_MODE = wholemodule;
				VALIDATE_PRODUCT = YES;
			};
			name = Release;
		};
		3BA871782B7C1D6F00A7FC1B /* Debug */ = {
			isa = XCBuildConfiguration;
			buildSettings = {
				ASSETCATALOG_COMPILER_APPICON_NAME = AppIcon;
				ASSETCATALOG_COMPILER_GLOBAL_ACCENT_COLOR_NAME = AccentColor;
				ASSETCATALOG_COMPILER_INCLUDE_ALL_APPICON_ASSETS = NO;
				CODE_SIGN_STYLE = Automatic;
				CURRENT_PROJECT_VERSION = 1;
				DEVELOPMENT_ASSET_PATHS = "\"Water Reviews/Preview Content\"";
				DEVELOPMENT_TEAM = R62KKWGDR3;
				ENABLE_PREVIEWS = YES;
				GENERATE_INFOPLIST_FILE = YES;
				INFOPLIST_KEY_CFBundleDisplayName = "Water Reviews";
				INFOPLIST_KEY_LSApplicationCategoryType = "public.app-category.utilities";
				INFOPLIST_KEY_NSCameraUsageDescription = "This app needs to use the camera to take pictures for reviews.";
				INFOPLIST_KEY_UIApplicationSceneManifest_Generation = YES;
				INFOPLIST_KEY_UIApplicationSupportsIndirectInputEvents = YES;
				INFOPLIST_KEY_UILaunchScreen_Generation = YES;
				INFOPLIST_KEY_UIStatusBarStyle = "";
				INFOPLIST_KEY_UISupportedInterfaceOrientations = UIInterfaceOrientationPortrait;
				INFOPLIST_KEY_UISupportedInterfaceOrientations_iPad = "UIInterfaceOrientationLandscapeLeft UIInterfaceOrientationLandscapeRight UIInterfaceOrientationPortrait UIInterfaceOrientationPortraitUpsideDown";
				INFOPLIST_KEY_UIUserInterfaceStyle = Light;
				LD_RUNPATH_SEARCH_PATHS = (
					"$(inherited)",
					"@executable_path/Frameworks",
				);
				MARKETING_VERSION = 1.0;
				PRODUCT_BUNDLE_IDENTIFIER = "UM.Water-Reviews";
				PRODUCT_NAME = "$(TARGET_NAME)";
				SUPPORTED_PLATFORMS = "iphoneos iphonesimulator";
				SUPPORTS_MACCATALYST = NO;
				SUPPORTS_MAC_DESIGNED_FOR_IPHONE_IPAD = NO;
				SUPPORTS_XR_DESIGNED_FOR_IPHONE_IPAD = NO;
				SWIFT_EMIT_LOC_STRINGS = YES;
				SWIFT_VERSION = 5.0;
				TARGETED_DEVICE_FAMILY = 1;
			};
			name = Debug;
		};
		3BA871792B7C1D6F00A7FC1B /* Release */ = {
			isa = XCBuildConfiguration;
			buildSettings = {
				ASSETCATALOG_COMPILER_APPICON_NAME = AppIcon;
				ASSETCATALOG_COMPILER_GLOBAL_ACCENT_COLOR_NAME = AccentColor;
				ASSETCATALOG_COMPILER_INCLUDE_ALL_APPICON_ASSETS = NO;
				CODE_SIGN_STYLE = Automatic;
				CURRENT_PROJECT_VERSION = 1;
				DEVELOPMENT_ASSET_PATHS = "\"Water Reviews/Preview Content\"";
				DEVELOPMENT_TEAM = R62KKWGDR3;
				ENABLE_PREVIEWS = YES;
				GENERATE_INFOPLIST_FILE = YES;
				INFOPLIST_KEY_CFBundleDisplayName = "Water Reviews";
				INFOPLIST_KEY_LSApplicationCategoryType = "public.app-category.utilities";
				INFOPLIST_KEY_NSCameraUsageDescription = "This app needs to use the camera to take pictures for reviews.";
				INFOPLIST_KEY_UIApplicationSceneManifest_Generation = YES;
				INFOPLIST_KEY_UIApplicationSupportsIndirectInputEvents = YES;
				INFOPLIST_KEY_UILaunchScreen_Generation = YES;
				INFOPLIST_KEY_UIStatusBarStyle = "";
				INFOPLIST_KEY_UISupportedInterfaceOrientations = UIInterfaceOrientationPortrait;
				INFOPLIST_KEY_UISupportedInterfaceOrientations_iPad = "UIInterfaceOrientationLandscapeLeft UIInterfaceOrientationLandscapeRight UIInterfaceOrientationPortrait UIInterfaceOrientationPortraitUpsideDown";
				INFOPLIST_KEY_UIUserInterfaceStyle = Light;
				LD_RUNPATH_SEARCH_PATHS = (
					"$(inherited)",
					"@executable_path/Frameworks",
				);
				MARKETING_VERSION = 1.0;
				PRODUCT_BUNDLE_IDENTIFIER = "UM.Water-Reviews";
				PRODUCT_NAME = "$(TARGET_NAME)";
				SUPPORTED_PLATFORMS = "iphoneos iphonesimulator";
				SUPPORTS_MACCATALYST = NO;
				SUPPORTS_MAC_DESIGNED_FOR_IPHONE_IPAD = NO;
				SUPPORTS_XR_DESIGNED_FOR_IPHONE_IPAD = NO;
				SWIFT_EMIT_LOC_STRINGS = YES;
				SWIFT_VERSION = 5.0;
				TARGETED_DEVICE_FAMILY = 1;
			};
			name = Release;
		};
/* End XCBuildConfiguration section */

/* Begin XCConfigurationList section */
		3BA871642B7C1D6E00A7FC1B /* Build configuration list for PBXProject "Water Reviews" */ = {
			isa = XCConfigurationList;
			buildConfigurations = (
				3BA871752B7C1D6F00A7FC1B /* Debug */,
				3BA871762B7C1D6F00A7FC1B /* Release */,
			);
			defaultConfigurationIsVisible = 0;
			defaultConfigurationName = Release;
		};
		3BA871772B7C1D6F00A7FC1B /* Build configuration list for PBXNativeTarget "Water Reviews" */ = {
			isa = XCConfigurationList;
			buildConfigurations = (
				3BA871782B7C1D6F00A7FC1B /* Debug */,
				3BA871792B7C1D6F00A7FC1B /* Release */,
			);
			defaultConfigurationIsVisible = 0;
			defaultConfigurationName = Release;
		};
/* End XCConfigurationList section */

/* Begin XCRemoteSwiftPackageReference section */
		3B96CB0A2B7FE55F008DCB9E /* XCRemoteSwiftPackageReference "firebase-ios-sdk" */ = {
			isa = XCRemoteSwiftPackageReference;
			repositoryURL = "https://github.com/firebase/firebase-ios-sdk";
			requirement = {
				kind = upToNextMajorVersion;
				minimumVersion = 10.21.0;
			};
		};
/* End XCRemoteSwiftPackageReference section */

/* Begin XCSwiftPackageProductDependency section */
		3B0D29E12B924ED400FA3F70 /* FirebaseFirestore */ = {
			isa = XCSwiftPackageProductDependency;
			package = 3B96CB0A2B7FE55F008DCB9E /* XCRemoteSwiftPackageReference "firebase-ios-sdk" */;
			productName = FirebaseFirestore;
		};
		3B96CB0B2B7FE55F008DCB9E /* FirebaseAnalytics */ = {
			isa = XCSwiftPackageProductDependency;
			package = 3B96CB0A2B7FE55F008DCB9E /* XCRemoteSwiftPackageReference "firebase-ios-sdk" */;
			productName = FirebaseAnalytics;
		};
		3B96CB0D2B7FE55F008DCB9E /* FirebaseAnalyticsOnDeviceConversion */ = {
			isa = XCSwiftPackageProductDependency;
			package = 3B96CB0A2B7FE55F008DCB9E /* XCRemoteSwiftPackageReference "firebase-ios-sdk" */;
			productName = FirebaseAnalyticsOnDeviceConversion;
		};
		3B96CB0F2B7FE55F008DCB9E /* FirebaseAnalyticsSwift */ = {
			isa = XCSwiftPackageProductDependency;
			package = 3B96CB0A2B7FE55F008DCB9E /* XCRemoteSwiftPackageReference "firebase-ios-sdk" */;
			productName = FirebaseAnalyticsSwift;
		};
		3B96CB112B7FE55F008DCB9E /* FirebaseAnalyticsWithoutAdIdSupport */ = {
			isa = XCSwiftPackageProductDependency;
			package = 3B96CB0A2B7FE55F008DCB9E /* XCRemoteSwiftPackageReference "firebase-ios-sdk" */;
			productName = FirebaseAnalyticsWithoutAdIdSupport;
		};
		3B96CB132B7FE55F008DCB9E /* FirebaseAppCheck */ = {
			isa = XCSwiftPackageProductDependency;
			package = 3B96CB0A2B7FE55F008DCB9E /* XCRemoteSwiftPackageReference "firebase-ios-sdk" */;
			productName = FirebaseAppCheck;
		};
		3B96CB162B7FE9EA008DCB9E /* FirebaseAuth */ = {
			isa = XCSwiftPackageProductDependency;
			package = 3B96CB0A2B7FE55F008DCB9E /* XCRemoteSwiftPackageReference "firebase-ios-sdk" */;
			productName = FirebaseAuth;
		};
/* End XCSwiftPackageProductDependency section */
	};
	rootObject = 3BA871612B7C1D6E00A7FC1B /* Project object */;
}
